
Microsoft Visual Studio Solution File, Format Version 12.00
# Visual Studio Version 17
VisualStudioVersion = 17.8.34511.84
MinimumVisualStudioVersion = 10.0.40219.1
Project("{FAE04EC0-301F-11D3-BF4B-00C04F79EFBC}") = "LockedSwagger", "LockedSwagger\LockedSwagger.csproj", "{CC8A398B-EA6B-421F-A94D-C8DA1A306176}"
EndProject
Global
	GlobalSection(SolutionConfigurationPlatforms) = preSolution
		Debug|Any CPU = Debug|Any CPU
		Release|Any CPU = Release|Any CPU
	EndGlobalSection
	GlobalSection(ProjectConfigurationPlatforms) = postSolution
		{CC8A398B-EA6B-421F-A94D-C8DA1A306176}.Debug|Any CPU.ActiveCfg = Debug|Any CPU
		{CC8A398B-EA6B-421F-A94D-C8DA1A306176}.Debug|Any CPU.Build.0 = Debug|Any CPU
		{CC8A398B-EA6B-421F-A94D-C8DA1A306176}.Release|Any CPU.ActiveCfg = Release|Any CPU
		{CC8A398B-EA6B-421F-A94D-C8DA1A306176}.Release|Any CPU.Build.0 = Release|Any CPU
	EndGlobalSection
	GlobalSection(SolutionProperties) = preSolution
		HideSolutionNode = FALSE
	EndGlobalSection
	GlobalSection(ExtensibilityGlobals) = postSolution
		SolutionGuid = {0AC26BC6-60EE-4B90-AFAE-0FBF06672DD6}
	EndGlobalSection
EndGlobal
